
Microsoft Visual Studio Solution File, Format Version 12.00
# Visual Studio Version 17
VisualStudioVersion = 17.1.32228.430
MinimumVisualStudioVersion = 10.0.40219.1
Project("{FAE04EC0-301F-11D3-BF4B-00C04F79EFBC}") = "035_ActDataGrid_C", "035_ActDataGrid_C\035_ActDataGrid_C.csproj", "{C4F1A4D2-3B01-4555-A879-8DF9970CA63B}"
EndProject
Global
	GlobalSection(SolutionConfigurationPlatforms) = preSolution
		Debug|Any CPU = Debug|Any CPU
		Release|Any CPU = Release|Any CPU
	EndGlobalSection
	GlobalSection(ProjectConfigurationPlatforms) = postSolution
		{C4F1A4D2-3B01-4555-A879-8DF9970CA63B}.Debug|Any CPU.ActiveCfg = Debug|Any CPU
		{C4F1A4D2-3B01-4555-A879-8DF9970CA63B}.Debug|Any CPU.Build.0 = Debug|Any CPU
		{C4F1A4D2-3B01-4555-A879-8DF9970CA63B}.Release|Any CPU.ActiveCfg = Release|Any CPU
		{C4F1A4D2-3B01-4555-A879-8DF9970CA63B}.Release|Any CPU.Build.0 = Release|Any CPU
	EndGlobalSection
	GlobalSection(SolutionProperties) = preSolution
		HideSolutionNode = FALSE
	EndGlobalSection
	GlobalSection(ExtensibilityGlobals) = postSolution
		SolutionGuid = {43D8F2E4-C6C5-4475-AA3D-4871B36333B4}
	EndGlobalSection
EndGlobal
